// !$*UTF8*$!
{
	archiveVersion = 1;
	classes = {
	};
	objectVersion = 56;
	objects = {

/* Begin PBXBuildFile section */
		82729C862A18535E00C04E59 /* AppDelegate.swift in Sources */ = {isa = PBXBuildFile; fileRef = 82729C852A18535E00C04E59 /* AppDelegate.swift */; };
		82729C882A18535E00C04E59 /* art.scnassets in Resources */ = {isa = PBXBuildFile; fileRef = 82729C872A18535E00C04E59 /* art.scnassets */; };
		82729C8A2A18535E00C04E59 /* ViewController.swift in Sources */ = {isa = PBXBuildFile; fileRef = 82729C892A18535E00C04E59 /* ViewController.swift */; };
		82729C8D2A18535E00C04E59 /* Main.storyboard in Resources */ = {isa = PBXBuildFile; fileRef = 82729C8B2A18535E00C04E59 /* Main.storyboard */; };
		82729C8F2A18535E00C04E59 /* Assets.xcassets in Resources */ = {isa = PBXBuildFile; fileRef = 82729C8E2A18535E00C04E59 /* Assets.xcassets */; };
		82729C922A18535E00C04E59 /* LaunchScreen.storyboard in Resources */ = {isa = PBXBuildFile; fileRef = 82729C902A18535E00C04E59 /* LaunchScreen.storyboard */; };
		82729C9C2A18535F00C04E59 /* ForeSiteTests.swift in Sources */ = {isa = PBXBuildFile; fileRef = 82729C9B2A18535F00C04E59 /* ForeSiteTests.swift */; };
		82729CA62A18535F00C04E59 /* ForeSiteUITests.swift in Sources */ = {isa = PBXBuildFile; fileRef = 82729CA52A18535F00C04E59 /* ForeSiteUITests.swift */; };
		82729CA82A18535F00C04E59 /* ForeSiteUITestsLaunchTests.swift in Sources */ = {isa = PBXBuildFile; fileRef = 82729CA72A18535F00C04E59 /* ForeSiteUITestsLaunchTests.swift */; };
/* End PBXBuildFile section */

/* Begin PBXContainerItemProxy section */
		82729C982A18535F00C04E59 /* PBXContainerItemProxy */ = {
			isa = PBXContainerItemProxy;
			containerPortal = 82729C7A2A18535E00C04E59 /* Project object */;
			proxyType = 1;
			remoteGlobalIDString = 82729C812A18535E00C04E59;
			remoteInfo = ForeSite;
		};
		82729CA22A18535F00C04E59 /* PBXContainerItemProxy */ = {
			isa = PBXContainerItemProxy;
			containerPortal = 82729C7A2A18535E00C04E59 /* Project object */;
			proxyType = 1;
			remoteGlobalIDString = 82729C812A18535E00C04E59;
			remoteInfo = ForeSite;
		};
/* End PBXContainerItemProxy section */

/* Begin PBXFileReference section */
		82729C822A18535E00C04E59 /* ForeSite.app */ = {isa = PBXFileReference; explicitFileType = wrapper.application; includeInIndex = 0; path = ForeSite.app; sourceTree = BUILT_PRODUCTS_DIR; };
		82729C852A18535E00C04E59 /* AppDelegate.swift */ = {isa = PBXFileReference; lastKnownFileType = sourcecode.swift; path = AppDelegate.swift; sourceTree = "<group>"; };
		82729C872A18535E00C04E59 /* art.scnassets */ = {isa = PBXFileReference; lastKnownFileType = wrapper.scnassets; path = art.scnassets; sourceTree = "<group>"; };
		82729C892A18535E00C04E59 /* ViewController.swift */ = {isa = PBXFileReference; lastKnownFileType = sourcecode.swift; path = ViewController.swift; sourceTree = "<group>"; };
		82729C8C2A18535E00C04E59 /* Base */ = {isa = PBXFileReference; lastKnownFileType = file.storyboard; name = Base; path = Base.lproj/Main.storyboard; sourceTree = "<group>"; };
		82729C8E2A18535E00C04E59 /* Assets.xcassets */ = {isa = PBXFileReference; lastKnownFileType = folder.assetcatalog; path = Assets.xcassets; sourceTree = "<group>"; };
		82729C912A18535E00C04E59 /* Base */ = {isa = PBXFileReference; lastKnownFileType = file.storyboard; name = Base; path = Base.lproj/LaunchScreen.storyboard; sourceTree = "<group>"; };
		82729C972A18535F00C04E59 /* ForeSiteTests.xctest */ = {isa = PBXFileReference; explicitFileType = wrapper.cfbundle; includeInIndex = 0; path = ForeSiteTests.xctest; sourceTree = BUILT_PRODUCTS_DIR; };
		82729C9B2A18535F00C04E59 /* ForeSiteTests.swift */ = {isa = PBXFileReference; lastKnownFileType = sourcecode.swift; path = ForeSiteTests.swift; sourceTree = "<group>"; };
		82729CA12A18535F00C04E59 /* ForeSiteUITests.xctest */ = {isa = PBXFileReference; explicitFileType = wrapper.cfbundle; includeInIndex = 0; path = ForeSiteUITests.xctest; sourceTree = BUILT_PRODUCTS_DIR; };
		82729CA52A18535F00C04E59 /* ForeSiteUITests.swift */ = {isa = PBXFileReference; lastKnownFileType = sourcecode.swift; path = ForeSiteUITests.swift; sourceTree = "<group>"; };
		82729CA72A18535F00C04E59 /* ForeSiteUITestsLaunchTests.swift */ = {isa = PBXFileReference; lastKnownFileType = sourcecode.swift; path = ForeSiteUITestsLaunchTests.swift; sourceTree = "<group>"; };
/* End PBXFileReference section */

/* Begin PBXFrameworksBuildPhase section */
		82729C7F2A18535E00C04E59 /* Frameworks */ = {
			isa = PBXFrameworksBuildPhase;
			buildActionMask = 2147483647;
			files = (
			);
			runOnlyForDeploymentPostprocessing = 0;
		};
		82729C942A18535F00C04E59 /* Frameworks */ = {
			isa = PBXFrameworksBuildPhase;
			buildActionMask = 2147483647;
			files = (
			);
			runOnlyForDeploymentPostprocessing = 0;
		};
		82729C9E2A18535F00C04E59 /* Frameworks */ = {
			isa = PBXFrameworksBuildPhase;
			buildActionMask = 2147483647;
			files = (
			);
			runOnlyForDeploymentPostprocessing = 0;
		};
/* End PBXFrameworksBuildPhase section */

/* Begin PBXGroup section */
		82729C792A18535E00C04E59 = {
			isa = PBXGroup;
			children = (
				82729C842A18535E00C04E59 /* ForeSite */,
				82729C9A2A18535F00C04E59 /* ForeSiteTests */,
				82729CA42A18535F00C04E59 /* ForeSiteUITests */,
				82729C832A18535E00C04E59 /* Products */,
			);
			sourceTree = "<group>";
		};
		82729C832A18535E00C04E59 /* Products */ = {
			isa = PBXGroup;
			children = (
				82729C822A18535E00C04E59 /* ForeSite.app */,
				82729C972A18535F00C04E59 /* ForeSiteTests.xctest */,
				82729CA12A18535F00C04E59 /* ForeSiteUITests.xctest */,
			);
			name = Products;
			sourceTree = "<group>";
		};
		82729C842A18535E00C04E59 /* ForeSite */ = {
			isa = PBXGroup;
			children = (
				82729C852A18535E00C04E59 /* AppDelegate.swift */,
				82729C872A18535E00C04E59 /* art.scnassets */,
				82729C892A18535E00C04E59 /* ViewController.swift */,
				82729C8B2A18535E00C04E59 /* Main.storyboard */,
				82729C8E2A18535E00C04E59 /* Assets.xcassets */,
				82729C902A18535E00C04E59 /* LaunchScreen.storyboard */,
			);
			path = ForeSite;
			sourceTree = "<group>";
		};
		82729C9A2A18535F00C04E59 /* ForeSiteTests */ = {
			isa = PBXGroup;
			children = (
				82729C9B2A18535F00C04E59 /* ForeSiteTests.swift */,
			);
			path = ForeSiteTests;
			sourceTree = "<group>";
		};
		82729CA42A18535F00C04E59 /* ForeSiteUITests */ = {
			isa = PBXGroup;
			children = (
				82729CA52A18535F00C04E59 /* ForeSiteUITests.swift */,
				82729CA72A18535F00C04E59 /* ForeSiteUITestsLaunchTests.swift */,
			);
			path = ForeSiteUITests;
			sourceTree = "<group>";
		};
/* End PBXGroup section */

/* Begin PBXNativeTarget section */
		82729C812A18535E00C04E59 /* ForeSite */ = {
			isa = PBXNativeTarget;
			buildConfigurationList = 82729CAB2A18535F00C04E59 /* Build configuration list for PBXNativeTarget "ForeSite" */;
			buildPhases = (
				82729C7E2A18535E00C04E59 /* Sources */,
				82729C7F2A18535E00C04E59 /* Frameworks */,
				82729C802A18535E00C04E59 /* Resources */,
			);
			buildRules = (
			);
			dependencies = (
			);
			name = ForeSite;
			productName = ForeSite;
			productReference = 82729C822A18535E00C04E59 /* ForeSite.app */;
			productType = "com.apple.product-type.application";
		};
		82729C962A18535F00C04E59 /* ForeSiteTests */ = {
			isa = PBXNativeTarget;
			buildConfigurationList = 82729CAE2A18535F00C04E59 /* Build configuration list for PBXNativeTarget "ForeSiteTests" */;
			buildPhases = (
				82729C932A18535F00C04E59 /* Sources */,
				82729C942A18535F00C04E59 /* Frameworks */,
				82729C952A18535F00C04E59 /* Resources */,
			);
			buildRules = (
			);
			dependencies = (
				82729C992A18535F00C04E59 /* PBXTargetDependency */,
			);
			name = ForeSiteTests;
			productName = ForeSiteTests;
			productReference = 82729C972A18535F00C04E59 /* ForeSiteTests.xctest */;
			productType = "com.apple.product-type.bundle.unit-test";
		};
		82729CA02A18535F00C04E59 /* ForeSiteUITests */ = {
			isa = PBXNativeTarget;
			buildConfigurationList = 82729CB12A18535F00C04E59 /* Build configuration list for PBXNativeTarget "ForeSiteUITests" */;
			buildPhases = (
				82729C9D2A18535F00C04E59 /* Sources */,
				82729C9E2A18535F00C04E59 /* Frameworks */,
				82729C9F2A18535F00C04E59 /* Resources */,
			);
			buildRules = (
			);
			dependencies = (
				82729CA32A18535F00C04E59 /* PBXTargetDependency */,
			);
			name = ForeSiteUITests;
			productName = ForeSiteUITests;
			productReference = 82729CA12A18535F00C04E59 /* ForeSiteUITests.xctest */;
			productType = "com.apple.product-type.bundle.ui-testing";
		};
/* End PBXNativeTarget section */

/* Begin PBXProject section */
		82729C7A2A18535E00C04E59 /* Project object */ = {
			isa = PBXProject;
			attributes = {
				BuildIndependentTargetsInParallel = 1;
				LastSwiftUpdateCheck = 1430;
				LastUpgradeCheck = 1430;
				TargetAttributes = {
					82729C812A18535E00C04E59 = {
						CreatedOnToolsVersion = 14.3;
					};
					82729C962A18535F00C04E59 = {
						CreatedOnToolsVersion = 14.3;
						TestTargetID = 82729C812A18535E00C04E59;
					};
					82729CA02A18535F00C04E59 = {
						CreatedOnToolsVersion = 14.3;
						TestTargetID = 82729C812A18535E00C04E59;
					};
				};
			};
			buildConfigurationList = 82729C7D2A18535E00C04E59 /* Build configuration list for PBXProject "ForeSite" */;
			compatibilityVersion = "Xcode 14.0";
			developmentRegion = en;
			hasScannedForEncodings = 0;
			knownRegions = (
				en,
				Base,
			);
			mainGroup = 82729C792A18535E00C04E59;
			productRefGroup = 82729C832A18535E00C04E59 /* Products */;
			projectDirPath = "";
			projectRoot = "";
			targets = (
				82729C812A18535E00C04E59 /* ForeSite */,
				82729C962A18535F00C04E59 /* ForeSiteTests */,
				82729CA02A18535F00C04E59 /* ForeSiteUITests */,
			);
		};
/* End PBXProject section */

/* Begin PBXResourcesBuildPhase section */
		82729C802A18535E00C04E59 /* Resources */ = {
			isa = PBXResourcesBuildPhase;
			buildActionMask = 2147483647;
			files = (
				82729C882A18535E00C04E59 /* art.scnassets in Resources */,
				82729C922A18535E00C04E59 /* LaunchScreen.storyboard in Resources */,
				82729C8F2A18535E00C04E59 /* Assets.xcassets in Resources */,
				82729C8D2A18535E00C04E59 /* Main.storyboard in Resources */,
			);
			runOnlyForDeploymentPostprocessing = 0;
		};
		82729C952A18535F00C04E59 /* Resources */ = {
			isa = PBXResourcesBuildPhase;
			buildActionMask = 2147483647;
			files = (
			);
			runOnlyForDeploymentPostprocessing = 0;
		};
		82729C9F2A18535F00C04E59 /* Resources */ = {
			isa = PBXResourcesBuildPhase;
			buildActionMask = 2147483647;
			files = (
			);
			runOnlyForDeploymentPostprocessing = 0;
		};
/* End PBXResourcesBuildPhase section */

/* Begin PBXSourcesBuildPhase section */
		82729C7E2A18535E00C04E59 /* Sources */ = {
			isa = PBXSourcesBuildPhase;
			buildActionMask = 2147483647;
			files = (
				82729C8A2A18535E00C04E59 /* ViewController.swift in Sources */,
				82729C862A18535E00C04E59 /* AppDelegate.swift in Sources */,
			);
			runOnlyForDeploymentPostprocessing = 0;
		};
		82729C932A18535F00C04E59 /* Sources */ = {
			isa = PBXSourcesBuildPhase;
			buildActionMask = 2147483647;
			files = (
				82729C9C2A18535F00C04E59 /* ForeSiteTests.swift in Sources */,
			);
			runOnlyForDeploymentPostprocessing = 0;
		};
		82729C9D2A18535F00C04E59 /* Sources */ = {
			isa = PBXSourcesBuildPhase;
			buildActionMask = 2147483647;
			files = (
				82729CA82A18535F00C04E59 /* ForeSiteUITestsLaunchTests.swift in Sources */,
				82729CA62A18535F00C04E59 /* ForeSiteUITests.swift in Sources */,
			);
			runOnlyForDeploymentPostprocessing = 0;
		};
/* End PBXSourcesBuildPhase section */

/* Begin PBXTargetDependency section */
		82729C992A18535F00C04E59 /* PBXTargetDependency */ = {
			isa = PBXTargetDependency;
			target = 82729C812A18535E00C04E59 /* ForeSite */;
			targetProxy = 82729C982A18535F00C04E59 /* PBXContainerItemProxy */;
		};
		82729CA32A18535F00C04E59 /* PBXTargetDependency */ = {
			isa = PBXTargetDependency;
			target = 82729C812A18535E00C04E59 /* ForeSite */;
			targetProxy = 82729CA22A18535F00C04E59 /* PBXContainerItemProxy */;
		};
/* End PBXTargetDependency section */

/* Begin PBXVariantGroup section */
		82729C8B2A18535E00C04E59 /* Main.storyboard */ = {
			isa = PBXVariantGroup;
			children = (
				82729C8C2A18535E00C04E59 /* Base */,
			);
			name = Main.storyboard;
			sourceTree = "<group>";
		};
		82729C902A18535E00C04E59 /* LaunchScreen.storyboard */ = {
			isa = PBXVariantGroup;
			children = (
				82729C912A18535E00C04E59 /* Base */,
			);
			name = LaunchScreen.storyboard;
			sourceTree = "<group>";
		};
/* End PBXVariantGroup section */

/* Begin XCBuildConfiguration section */
		82729CA92A18535F00C04E59 /* Debug */ = {
			isa = XCBuildConfiguration;
			buildSettings = {
				ALWAYS_SEARCH_USER_PATHS = NO;
				CLANG_ANALYZER_NONNULL = YES;
				CLANG_ANALYZER_NUMBER_OBJECT_CONVERSION = YES_AGGRESSIVE;
				CLANG_CXX_LANGUAGE_STANDARD = "gnu++20";
				CLANG_ENABLE_MODULES = YES;
				CLANG_ENABLE_OBJC_ARC = YES;
				CLANG_ENABLE_OBJC_WEAK = YES;
				CLANG_WARN_BLOCK_CAPTURE_AUTORELEASING = YES;
				CLANG_WARN_BOOL_CONVERSION = YES;
				CLANG_WARN_COMMA = YES;
				CLANG_WARN_CONSTANT_CONVERSION = YES;
				CLANG_WARN_DEPRECATED_OBJC_IMPLEMENTATIONS = YES;
				CLANG_WARN_DIRECT_OBJC_ISA_USAGE = YES_ERROR;
				CLANG_WARN_DOCUMENTATION_COMMENTS = YES;
				CLANG_WARN_EMPTY_BODY = YES;
				CLANG_WARN_ENUM_CONVERSION = YES;
				CLANG_WARN_INFINITE_RECURSION = YES;
				CLANG_WARN_INT_CONVERSION = YES;
				CLANG_WARN_NON_LITERAL_NULL_CONVERSION = YES;
				CLANG_WARN_OBJC_IMPLICIT_RETAIN_SELF = YES;
				CLANG_WARN_OBJC_LITERAL_CONVERSION = YES;
				CLANG_WARN_OBJC_ROOT_CLASS = YES_ERROR;
				CLANG_WARN_QUOTED_INCLUDE_IN_FRAMEWORK_HEADER = YES;
				CLANG_WARN_RANGE_LOOP_ANALYSIS = YES;
				CLANG_WARN_STRICT_PROTOTYPES = YES;
				CLANG_WARN_SUSPICIOUS_MOVE = YES;
				CLANG_WARN_UNGUARDED_AVAILABILITY = YES_AGGRESSIVE;
				CLANG_WARN_UNREACHABLE_CODE = YES;
				CLANG_WARN__DUPLICATE_METHOD_MATCH = YES;
				COPY_PHASE_STRIP = NO;
				DEBUG_INFORMATION_FORMAT = dwarf;
				ENABLE_STRICT_OBJC_MSGSEND = YES;
				ENABLE_TESTABILITY = YES;
				GCC_C_LANGUAGE_STANDARD = gnu11;
				GCC_DYNAMIC_NO_PIC = NO;
				GCC_NO_COMMON_BLOCKS = YES;
				GCC_OPTIMIZATION_LEVEL = 0;
				GCC_PREPROCESSOR_DEFINITIONS = (
					"DEBUG=1",
					"$(inherited)",
				);
				GCC_WARN_64_TO_32_BIT_CONVERSION = YES;
				GCC_WARN_ABOUT_RETURN_TYPE = YES_ERROR;
				GCC_WARN_UNDECLARED_SELECTOR = YES;
				GCC_WARN_UNINITIALIZED_AUTOS = YES_AGGRESSIVE;
				GCC_WARN_UNUSED_FUNCTION = YES;
				GCC_WARN_UNUSED_VARIABLE = YES;
				IPHONEOS_DEPLOYMENT_TARGET = 16.4;
				MTL_ENABLE_DEBUG_INFO = INCLUDE_SOURCE;
				MTL_FAST_MATH = YES;
				ONLY_ACTIVE_ARCH = YES;
				SDKROOT = iphoneos;
				SWIFT_ACTIVE_COMPILATION_CONDITIONS = DEBUG;
				SWIFT_OPTIMIZATION_LEVEL = "-Onone";
			};
			name = Debug;
		};
		82729CAA2A18535F00C04E59 /* Release */ = {
			isa = XCBuildConfiguration;
			buildSettings = {
				ALWAYS_SEARCH_USER_PATHS = NO;
				CLANG_ANALYZER_NONNULL = YES;
				CLANG_ANALYZER_NUMBER_OBJECT_CONVERSION = YES_AGGRESSIVE;
				CLANG_CXX_LANGUAGE_STANDARD = "gnu++20";
				CLANG_ENABLE_MODULES = YES;
				CLANG_ENABLE_OBJC_ARC = YES;
				CLANG_ENABLE_OBJC_WEAK = YES;
				CLANG_WARN_BLOCK_CAPTURE_AUTORELEASING = YES;
				CLANG_WARN_BOOL_CONVERSION = YES;
				CLANG_WARN_COMMA = YES;
				CLANG_WARN_CONSTANT_CONVERSION = YES;
				CLANG_WARN_DEPRECATED_OBJC_IMPLEMENTATIONS = YES;
				CLANG_WARN_DIRECT_OBJC_ISA_USAGE = YES_ERROR;
				CLANG_WARN_DOCUMENTATION_COMMENTS = YES;
				CLANG_WARN_EMPTY_BODY = YES;
				CLANG_WARN_ENUM_CONVERSION = YES;
				CLANG_WARN_INFINITE_RECURSION = YES;
				CLANG_WARN_INT_CONVERSION = YES;
				CLANG_WARN_NON_LITERAL_NULL_CONVERSION = YES;
				CLANG_WARN_OBJC_IMPLICIT_RETAIN_SELF = YES;
				CLANG_WARN_OBJC_LITERAL_CONVERSION = YES;
				CLANG_WARN_OBJC_ROOT_CLASS = YES_ERROR;
				CLANG_WARN_QUOTED_INCLUDE_IN_FRAMEWORK_HEADER = YES;
				CLANG_WARN_RANGE_LOOP_ANALYSIS = YES;
				CLANG_WARN_STRICT_PROTOTYPES = YES;
				CLANG_WARN_SUSPICIOUS_MOVE = YES;
				CLANG_WARN_UNGUARDED_AVAILABILITY = YES_AGGRESSIVE;
				CLANG_WARN_UNREACHABLE_CODE = YES;
				CLANG_WARN__DUPLICATE_METHOD_MATCH = YES;
				COPY_PHASE_STRIP = NO;
				DEBUG_INFORMATION_FORMAT = "dwarf-with-dsym";
				ENABLE_NS_ASSERTIONS = NO;
				ENABLE_STRICT_OBJC_MSGSEND = YES;
				GCC_C_LANGUAGE_STANDARD = gnu11;
				GCC_NO_COMMON_BLOCKS = YES;
				GCC_WARN_64_TO_32_BIT_CONVERSION = YES;
				GCC_WARN_ABOUT_RETURN_TYPE = YES_ERROR;
				GCC_WARN_UNDECLARED_SELECTOR = YES;
				GCC_WARN_UNINITIALIZED_AUTOS = YES_AGGRESSIVE;
				GCC_WARN_UNUSED_FUNCTION = YES;
				GCC_WARN_UNUSED_VARIABLE = YES;
				IPHONEOS_DEPLOYMENT_TARGET = 16.4;
				MTL_ENABLE_DEBUG_INFO = NO;
				MTL_FAST_MATH = YES;
				SDKROOT = iphoneos;
				SWIFT_COMPILATION_MODE = wholemodule;
				SWIFT_OPTIMIZATION_LEVEL = "-O";
				VALIDATE_PRODUCT = YES;
			};
			name = Release;
		};
		82729CAC2A18535F00C04E59 /* Debug */ = {
			isa = XCBuildConfiguration;
			buildSettings = {
				ASSETCATALOG_COMPILER_APPICON_NAME = AppIcon;
				ASSETCATALOG_COMPILER_GLOBAL_ACCENT_COLOR_NAME = AccentColor;
				CODE_SIGN_STYLE = Automatic;
				CURRENT_PROJECT_VERSION = 1;
				DEVELOPMENT_TEAM = V8R4668S2H;
				GENERATE_INFOPLIST_FILE = YES;
				INFOPLIST_KEY_NSCameraUsageDescription = "";
				INFOPLIST_KEY_UIApplicationSupportsIndirectInputEvents = YES;
				INFOPLIST_KEY_UILaunchStoryboardName = LaunchScreen;
				INFOPLIST_KEY_UIMainStoryboardFile = Main;
				INFOPLIST_KEY_UIRequiredDeviceCapabilities = arkit;
				INFOPLIST_KEY_UIStatusBarHidden = YES;
				INFOPLIST_KEY_UISupportedInterfaceOrientations_iPad = "UIInterfaceOrientationPortrait UIInterfaceOrientationPortraitUpsideDown UIInterfaceOrientationLandscapeLeft UIInterfaceOrientationLandscapeRight";
				INFOPLIST_KEY_UISupportedInterfaceOrientations_iPhone = "UIInterfaceOrientationPortrait UIInterfaceOrientationLandscapeLeft UIInterfaceOrientationLandscapeRight";
				LD_RUNPATH_SEARCH_PATHS = (
					"$(inherited)",
					"@executable_path/Frameworks",
				);
				MARKETING_VERSION = 1.0;
				PRODUCT_BUNDLE_IDENTIFIER = com.toadhollerstudios.ForeSite;
				PRODUCT_NAME = "$(TARGET_NAME)";
				SWIFT_EMIT_LOC_STRINGS = YES;
				SWIFT_VERSION = 5.0;
				TARGETED_DEVICE_FAMILY = "1,2";
			};
			name = Debug;
		};
		82729CAD2A18535F00C04E59 /* Release */ = {
			isa = XCBuildConfiguration;
			buildSettings = {
				ASSETCATALOG_COMPILER_APPICON_NAME = AppIcon;
				ASSETCATALOG_COMPILER_GLOBAL_ACCENT_COLOR_NAME = AccentColor;
				CODE_SIGN_STYLE = Automatic;
				CURRENT_PROJECT_VERSION = 1;
				DEVELOPMENT_TEAM = V8R4668S2H;
				GENERATE_INFOPLIST_FILE = YES;
				INFOPLIST_KEY_NSCameraUsageDescription = "";
				INFOPLIST_KEY_UIApplicationSupportsIndirectInputEvents = YES;
				INFOPLIST_KEY_UILaunchStoryboardName = LaunchScreen;
				INFOPLIST_KEY_UIMainStoryboardFile = Main;
				INFOPLIST_KEY_UIRequiredDeviceCapabilities = arkit;
				INFOPLIST_KEY_UIStatusBarHidden = YES;
				INFOPLIST_KEY_UISupportedInterfaceOrientations_iPad = "UIInterfaceOrientationPortrait UIInterfaceOrientationPortraitUpsideDown UIInterfaceOrientationLandscapeLeft UIInterfaceOrientationLandscapeRight";
				INFOPLIST_KEY_UISupportedInterfaceOrientations_iPhone = "UIInterfaceOrientationPortrait UIInterfaceOrientationLandscapeLeft UIInterfaceOrientationLandscapeRight";
				LD_RUNPATH_SEARCH_PATHS = (
					"$(inherited)",
					"@executable_path/Frameworks",
				);
				MARKETING_VERSION = 1.0;
				PRODUCT_BUNDLE_IDENTIFIER = com.toadhollerstudios.ForeSite;
				PRODUCT_NAME = "$(TARGET_NAME)";
				SWIFT_EMIT_LOC_STRINGS = YES;
				SWIFT_VERSION = 5.0;
				TARGETED_DEVICE_FAMILY = "1,2";
			};
			name = Release;
		};
		82729CAF2A18535F00C04E59 /* Debug */ = {
			isa = XCBuildConfiguration;
			buildSettings = {
				ALWAYS_EMBED_SWIFT_STANDARD_LIBRARIES = YES;
				BUNDLE_LOADER = "$(TEST_HOST)";
				CODE_SIGN_STYLE = Automatic;
				CURRENT_PROJECT_VERSION = 1;
				DEVELOPMENT_TEAM = V8R4668S2H;
				GENERATE_INFOPLIST_FILE = YES;
				IPHONEOS_DEPLOYMENT_TARGET = 16.4;
				MARKETING_VERSION = 1.0;
				PRODUCT_BUNDLE_IDENTIFIER = com.toadhollerstudios.ForeSiteTests;
				PRODUCT_NAME = "$(TARGET_NAME)";
				SWIFT_EMIT_LOC_STRINGS = NO;
				SWIFT_VERSION = 5.0;
				TARGETED_DEVICE_FAMILY = "1,2";
				TEST_HOST = "$(BUILT_PRODUCTS_DIR)/ForeSite.app/$(BUNDLE_EXECUTABLE_FOLDER_PATH)/ForeSite";
			};
			name = Debug;
		};
		82729CB02A18535F00C04E59 /* Release */ = {
			isa = XCBuildConfiguration;
			buildSettings = {
				ALWAYS_EMBED_SWIFT_STANDARD_LIBRARIES = YES;
				BUNDLE_LOADER = "$(TEST_HOST)";
				CODE_SIGN_STYLE = Automatic;
				CURRENT_PROJECT_VERSION = 1;
				DEVELOPMENT_TEAM = V8R4668S2H;
				GENERATE_INFOPLIST_FILE = YES;
				IPHONEOS_DEPLOYMENT_TARGET = 16.4;
				MARKETING_VERSION = 1.0;
				PRODUCT_BUNDLE_IDENTIFIER = com.toadhollerstudios.ForeSiteTests;
				PRODUCT_NAME = "$(TARGET_NAME)";
				SWIFT_EMIT_LOC_STRINGS = NO;
				SWIFT_VERSION = 5.0;
				TARGETED_DEVICE_FAMILY = "1,2";
				TEST_HOST = "$(BUILT_PRODUCTS_DIR)/ForeSite.app/$(BUNDLE_EXECUTABLE_FOLDER_PATH)/ForeSite";
			};
			name = Release;
		};
		82729CB22A18535F00C04E59 /* Debug */ = {
			isa = XCBuildConfiguration;
			buildSettings = {
				ALWAYS_EMBED_SWIFT_STANDARD_LIBRARIES = YES;
				CODE_SIGN_STYLE = Automatic;
				CURRENT_PROJECT_VERSION = 1;
				DEVELOPMENT_TEAM = V8R4668S2H;
				GENERATE_INFOPLIST_FILE = YES;
				MARKETING_VERSION = 1.0;
				PRODUCT_BUNDLE_IDENTIFIER = com.toadhollerstudios.ForeSiteUITests;
				PRODUCT_NAME = "$(TARGET_NAME)";
				SWIFT_EMIT_LOC_STRINGS = NO;
				SWIFT_VERSION = 5.0;
				TARGETED_DEVICE_FAMILY = "1,2";
				TEST_TARGET_NAME = ForeSite;
			};
			name = Debug;
		};
		82729CB32A18535F00C04E59 /* Release */ = {
			isa = XCBuildConfiguration;
			buildSettings = {
				ALWAYS_EMBED_SWIFT_STANDARD_LIBRARIES = YES;
				CODE_SIGN_STYLE = Automatic;
				CURRENT_PROJECT_VERSION = 1;
				DEVELOPMENT_TEAM = V8R4668S2H;
				GENERATE_INFOPLIST_FILE = YES;
				MARKETING_VERSION = 1.0;
				PRODUCT_BUNDLE_IDENTIFIER = com.toadhollerstudios.ForeSiteUITests;
				PRODUCT_NAME = "$(TARGET_NAME)";
				SWIFT_EMIT_LOC_STRINGS = NO;
				SWIFT_VERSION = 5.0;
				TARGETED_DEVICE_FAMILY = "1,2";
				TEST_TARGET_NAME = ForeSite;
			};
			name = Release;
		};
/* End XCBuildConfiguration section */

/* Begin XCConfigurationList section */
		82729C7D2A18535E00C04E59 /* Build configuration list for PBXProject "ForeSite" */ = {
			isa = XCConfigurationList;
			buildConfigurations = (
				82729CA92A18535F00C04E59 /* Debug */,
				82729CAA2A18535F00C04E59 /* Release */,
			);
			defaultConfigurationIsVisible = 0;
			defaultConfigurationName = Release;
		};
		82729CAB2A18535F00C04E59 /* Build configuration list for PBXNativeTarget "ForeSite" */ = {
			isa = XCConfigurationList;
			buildConfigurations = (
				82729CAC2A18535F00C04E59 /* Debug */,
				82729CAD2A18535F00C04E59 /* Release */,
			);
			defaultConfigurationIsVisible = 0;
			defaultConfigurationName = Release;
		};
		82729CAE2A18535F00C04E59 /* Build configuration list for PBXNativeTarget "ForeSiteTests" */ = {
			isa = XCConfigurationList;
			buildConfigurations = (
				82729CAF2A18535F00C04E59 /* Debug */,
				82729CB02A18535F00C04E59 /* Release */,
			);
			defaultConfigurationIsVisible = 0;
			defaultConfigurationName = Release;
		};
		82729CB12A18535F00C04E59 /* Build configuration list for PBXNativeTarget "ForeSiteUITests" */ = {
			isa = XCConfigurationList;
			buildConfigurations = (
				82729CB22A18535F00C04E59 /* Debug */,
				82729CB32A18535F00C04E59 /* Release */,
			);
			defaultConfigurationIsVisible = 0;
			defaultConfigurationName = Release;
		};
/* End XCConfigurationList section */
	};
	rootObject = 82729C7A2A18535E00C04E59 /* Project object */;
}
